
Microsoft Visual Studio Solution File, Format Version 12.00
# Visual Studio Version 17
VisualStudioVersion = 17.2.32616.157
MinimumVisualStudioVersion = 10.0.40219.1
Project("{9A19103F-16F7-4668-BE54-9A1E7A4F7556}") = "DownloadApp", "DownloadApp.csproj", "{DB3876A0-8711-42BE-8429-C2A58C4726B1}"
EndProject
Global
	GlobalSection(SolutionConfigurationPlatforms) = preSolution
		Debug|Any CPU = Debug|Any CPU
		Release|Any CPU = Release|Any CPU
	EndGlobalSection
	GlobalSection(ProjectConfigurationPlatforms) = postSolution
		{DB3876A0-8711-42BE-8429-C2A58C4726B1}.Debug|Any CPU.ActiveCfg = Debug|Any CPU
		{DB3876A0-8711-42BE-8429-C2A58C4726B1}.Debug|Any CPU.Build.0 = Debug|Any CPU
		{DB3876A0-8711-42BE-8429-C2A58C4726B1}.Release|Any CPU.ActiveCfg = Release|Any CPU
		{DB3876A0-8711-42BE-8429-C2A58C4726B1}.Release|Any CPU.Build.0 = Release|Any CPU
	EndGlobalSection
	GlobalSection(SolutionProperties) = preSolution
		HideSolutionNode = FALSE
	EndGlobalSection
	GlobalSection(ExtensibilityGlobals) = postSolution
		SolutionGuid = {D3094436-07FD-45F5-B559-F2E031D76259}
	EndGlobalSection
EndGlobal
